// !$*UTF8*$!
{
	archiveVersion = 1;
	classes = {
	};
	objectVersion = 56;
	objects = {

/* Begin PBXBuildFile section */
		7F6A95AF2AF25866004D6C77 /* LocationModel.swift in Sources */ = {isa = PBXBuildFile; fileRef = 7F6A95AE2AF25866004D6C77 /* LocationModel.swift */; };
		7F76FEBC2AEFD1C0009E4B32 /* CoverImageView.swift in Sources */ = {isa = PBXBuildFile; fileRef = 7F76FEBB2AEFD1C0009E4B32 /* CoverImageView.swift */; };
		7F76FEBF2AEFD3FE009E4B32 /* CoverImageModel.swift in Sources */ = {isa = PBXBuildFile; fileRef = 7F76FEBE2AEFD3FE009E4B32 /* CoverImageModel.swift */; };
		7F76FEC22AEFD5AA009E4B32 /* CodableBundleExtension.swift in Sources */ = {isa = PBXBuildFile; fileRef = 7F76FEC12AEFD5AA009E4B32 /* CodableBundleExtension.swift */; };
		7F76FEC42AEFDE63009E4B32 /* AnimalListItemView.swift in Sources */ = {isa = PBXBuildFile; fileRef = 7F76FEC32AEFDE63009E4B32 /* AnimalListItemView.swift */; };
		7F76FEC62AEFE007009E4B32 /* AnimalModel.swift in Sources */ = {isa = PBXBuildFile; fileRef = 7F76FEC52AEFE007009E4B32 /* AnimalModel.swift */; };
		7FF544B72AED2ADF0091580C /* AfricaWildlifeApp.swift in Sources */ = {isa = PBXBuildFile; fileRef = 7FF544B62AED2ADF0091580C /* AfricaWildlifeApp.swift */; };
		7FF544B92AED2ADF0091580C /* ContentView.swift in Sources */ = {isa = PBXBuildFile; fileRef = 7FF544B82AED2ADF0091580C /* ContentView.swift */; };
		7FF544BB2AED2AE00091580C /* Assets.xcassets in Resources */ = {isa = PBXBuildFile; fileRef = 7FF544BA2AED2AE00091580C /* Assets.xcassets */; };
		7FF544BE2AED2AE00091580C /* Preview Assets.xcassets in Resources */ = {isa = PBXBuildFile; fileRef = 7FF544BD2AED2AE00091580C /* Preview Assets.xcassets */; };
		7FF544CF2AED2E2B0091580C /* elephant.mp4 in Resources */ = {isa = PBXBuildFile; fileRef = 7FF544C52AED2E290091580C /* elephant.mp4 */; };
		7FF544D02AED2E2B0091580C /* hippo.mp4 in Resources */ = {isa = PBXBuildFile; fileRef = 7FF544C62AED2E290091580C /* hippo.mp4 */; };
		7FF544D12AED2E2B0091580C /* rhino.mp4 in Resources */ = {isa = PBXBuildFile; fileRef = 7FF544C72AED2E2A0091580C /* rhino.mp4 */; };
		7FF544D22AED2E2B0091580C /* lioness.mp4 in Resources */ = {isa = PBXBuildFile; fileRef = 7FF544C82AED2E2A0091580C /* lioness.mp4 */; };
		7FF544D32AED2E2B0091580C /* ostrich.mp4 in Resources */ = {isa = PBXBuildFile; fileRef = 7FF544C92AED2E2A0091580C /* ostrich.mp4 */; };
		7FF544D42AED2E2B0091580C /* cheetah.mp4 in Resources */ = {isa = PBXBuildFile; fileRef = 7FF544CA2AED2E2A0091580C /* cheetah.mp4 */; };
		7FF544D52AED2E2B0091580C /* zebra.mp4 in Resources */ = {isa = PBXBuildFile; fileRef = 7FF544CB2AED2E2A0091580C /* zebra.mp4 */; };
		7FF544D62AED2E2B0091580C /* lion.mp4 in Resources */ = {isa = PBXBuildFile; fileRef = 7FF544CC2AED2E2B0091580C /* lion.mp4 */; };
		7FF544D72AED2E2B0091580C /* giraffe.mp4 in Resources */ = {isa = PBXBuildFile; fileRef = 7FF544CD2AED2E2B0091580C /* giraffe.mp4 */; };
		7FF544D82AED2E2B0091580C /* gorilla.mp4 in Resources */ = {isa = PBXBuildFile; fileRef = 7FF544CE2AED2E2B0091580C /* gorilla.mp4 */; };
		7FF544DE2AED2E680091580C /* locations.json in Resources */ = {isa = PBXBuildFile; fileRef = 7FF544DA2AED2E680091580C /* locations.json */; };
		7FF544DF2AED2E680091580C /* covers.json in Resources */ = {isa = PBXBuildFile; fileRef = 7FF544DB2AED2E680091580C /* covers.json */; };
		7FF544E02AED2E680091580C /* videos.json in Resources */ = {isa = PBXBuildFile; fileRef = 7FF544DC2AED2E680091580C /* videos.json */; };
		7FF544E12AED2E680091580C /* animals.json in Resources */ = {isa = PBXBuildFile; fileRef = 7FF544DD2AED2E680091580C /* animals.json */; };
		7FF544E52AED30670091580C /* VideoListView.swift in Sources */ = {isa = PBXBuildFile; fileRef = 7FF544E42AED30670091580C /* VideoListView.swift */; };
		7FF544E72AED30790091580C /* MapView.swift in Sources */ = {isa = PBXBuildFile; fileRef = 7FF544E62AED30790091580C /* MapView.swift */; };
		7FF544E92AED309D0091580C /* GalleryView.swift in Sources */ = {isa = PBXBuildFile; fileRef = 7FF544E82AED309D0091580C /* GalleryView.swift */; };
		7FF544EB2AED30B60091580C /* MainView.swift in Sources */ = {isa = PBXBuildFile; fileRef = 7FF544EA2AED30B60091580C /* MainView.swift */; };
		7FF843C22AF052D700FC8369 /* AnimalDetailView.swift in Sources */ = {isa = PBXBuildFile; fileRef = 7FF843C12AF052D700FC8369 /* AnimalDetailView.swift */; };
		7FF843C42AF0577E00FC8369 /* HeadingView.swift in Sources */ = {isa = PBXBuildFile; fileRef = 7FF843C32AF0577E00FC8369 /* HeadingView.swift */; };
		7FF843C62AF058F000FC8369 /* InsetGalleryView.swift in Sources */ = {isa = PBXBuildFile; fileRef = 7FF843C52AF058F000FC8369 /* InsetGalleryView.swift */; };
		7FF843C82AF0F81E00FC8369 /* InsetFactView.swift in Sources */ = {isa = PBXBuildFile; fileRef = 7FF843C72AF0F81E00FC8369 /* InsetFactView.swift */; };
		7FF843CA2AF0FAFD00FC8369 /* InsetMapView.swift in Sources */ = {isa = PBXBuildFile; fileRef = 7FF843C92AF0FAFD00FC8369 /* InsetMapView.swift */; };
		7FF843CC2AF1016000FC8369 /* ExternalWebLinkView.swift in Sources */ = {isa = PBXBuildFile; fileRef = 7FF843CB2AF1016000FC8369 /* ExternalWebLinkView.swift */; };
		7FF843CE2AF1057300FC8369 /* VideoModel.swift in Sources */ = {isa = PBXBuildFile; fileRef = 7FF843CD2AF1057300FC8369 /* VideoModel.swift */; };
		7FF843D02AF105DC00FC8369 /* VideoListItemView.swift in Sources */ = {isa = PBXBuildFile; fileRef = 7FF843CF2AF105DC00FC8369 /* VideoListItemView.swift */; };
		7FF843D22AF111CB00FC8369 /* VideoPlayerView.swift in Sources */ = {isa = PBXBuildFile; fileRef = 7FF843D12AF111CB00FC8369 /* VideoPlayerView.swift */; };
		7FF843D52AF1130900FC8369 /* VideoPlayerHelper.swift in Sources */ = {isa = PBXBuildFile; fileRef = 7FF843D42AF1130900FC8369 /* VideoPlayerHelper.swift */; };
/* End PBXBuildFile section */

/* Begin PBXFileReference section */
		7F6A95AE2AF25866004D6C77 /* LocationModel.swift */ = {isa = PBXFileReference; lastKnownFileType = sourcecode.swift; path = LocationModel.swift; sourceTree = "<group>"; };
		7F76FEBB2AEFD1C0009E4B32 /* CoverImageView.swift */ = {isa = PBXFileReference; lastKnownFileType = sourcecode.swift; path = CoverImageView.swift; sourceTree = "<group>"; };
		7F76FEBE2AEFD3FE009E4B32 /* CoverImageModel.swift */ = {isa = PBXFileReference; lastKnownFileType = sourcecode.swift; path = CoverImageModel.swift; sourceTree = "<group>"; };
		7F76FEC12AEFD5AA009E4B32 /* CodableBundleExtension.swift */ = {isa = PBXFileReference; lastKnownFileType = sourcecode.swift; path = CodableBundleExtension.swift; sourceTree = "<group>"; };
		7F76FEC32AEFDE63009E4B32 /* AnimalListItemView.swift */ = {isa = PBXFileReference; lastKnownFileType = sourcecode.swift; path = AnimalListItemView.swift; sourceTree = "<group>"; };
		7F76FEC52AEFE007009E4B32 /* AnimalModel.swift */ = {isa = PBXFileReference; lastKnownFileType = sourcecode.swift; path = AnimalModel.swift; sourceTree = "<group>"; };
		7FF544B32AED2ADF0091580C /* AfricaWildlife.app */ = {isa = PBXFileReference; explicitFileType = wrapper.application; includeInIndex = 0; path = AfricaWildlife.app; sourceTree = BUILT_PRODUCTS_DIR; };
		7FF544B62AED2ADF0091580C /* AfricaWildlifeApp.swift */ = {isa = PBXFileReference; lastKnownFileType = sourcecode.swift; path = AfricaWildlifeApp.swift; sourceTree = "<group>"; };
		7FF544B82AED2ADF0091580C /* ContentView.swift */ = {isa = PBXFileReference; lastKnownFileType = sourcecode.swift; path = ContentView.swift; sourceTree = "<group>"; };
		7FF544BA2AED2AE00091580C /* Assets.xcassets */ = {isa = PBXFileReference; lastKnownFileType = folder.assetcatalog; path = Assets.xcassets; sourceTree = "<group>"; };
		7FF544BD2AED2AE00091580C /* Preview Assets.xcassets */ = {isa = PBXFileReference; lastKnownFileType = folder.assetcatalog; path = "Preview Assets.xcassets"; sourceTree = "<group>"; };
		7FF544C52AED2E290091580C /* elephant.mp4 */ = {isa = PBXFileReference; lastKnownFileType = file; path = elephant.mp4; sourceTree = "<group>"; };
		7FF544C62AED2E290091580C /* hippo.mp4 */ = {isa = PBXFileReference; lastKnownFileType = file; path = hippo.mp4; sourceTree = "<group>"; };
		7FF544C72AED2E2A0091580C /* rhino.mp4 */ = {isa = PBXFileReference; lastKnownFileType = file; path = rhino.mp4; sourceTree = "<group>"; };
		7FF544C82AED2E2A0091580C /* lioness.mp4 */ = {isa = PBXFileReference; lastKnownFileType = file; path = lioness.mp4; sourceTree = "<group>"; };
		7FF544C92AED2E2A0091580C /* ostrich.mp4 */ = {isa = PBXFileReference; lastKnownFileType = file; path = ostrich.mp4; sourceTree = "<group>"; };
		7FF544CA2AED2E2A0091580C /* cheetah.mp4 */ = {isa = PBXFileReference; lastKnownFileType = file; path = cheetah.mp4; sourceTree = "<group>"; };
		7FF544CB2AED2E2A0091580C /* zebra.mp4 */ = {isa = PBXFileReference; lastKnownFileType = file; path = zebra.mp4; sourceTree = "<group>"; };
		7FF544CC2AED2E2B0091580C /* lion.mp4 */ = {isa = PBXFileReference; lastKnownFileType = file; path = lion.mp4; sourceTree = "<group>"; };
		7FF544CD2AED2E2B0091580C /* giraffe.mp4 */ = {isa = PBXFileReference; lastKnownFileType = file; path = giraffe.mp4; sourceTree = "<group>"; };
		7FF544CE2AED2E2B0091580C /* gorilla.mp4 */ = {isa = PBXFileReference; lastKnownFileType = file; path = gorilla.mp4; sourceTree = "<group>"; };
		7FF544DA2AED2E680091580C /* locations.json */ = {isa = PBXFileReference; fileEncoding = 4; lastKnownFileType = text.json; path = locations.json; sourceTree = "<group>"; };
		7FF544DB2AED2E680091580C /* covers.json */ = {isa = PBXFileReference; fileEncoding = 4; lastKnownFileType = text.json; path = covers.json; sourceTree = "<group>"; };
		7FF544DC2AED2E680091580C /* videos.json */ = {isa = PBXFileReference; fileEncoding = 4; lastKnownFileType = text.json; path = videos.json; sourceTree = "<group>"; };
		7FF544DD2AED2E680091580C /* animals.json */ = {isa = PBXFileReference; fileEncoding = 4; lastKnownFileType = text.json; path = animals.json; sourceTree = "<group>"; };
		7FF544E22AED2F520091580C /* Info.plist */ = {isa = PBXFileReference; lastKnownFileType = text.plist; path = Info.plist; sourceTree = "<group>"; };
		7FF544E42AED30670091580C /* VideoListView.swift */ = {isa = PBXFileReference; lastKnownFileType = sourcecode.swift; path = VideoListView.swift; sourceTree = "<group>"; };
		7FF544E62AED30790091580C /* MapView.swift */ = {isa = PBXFileReference; lastKnownFileType = sourcecode.swift; path = MapView.swift; sourceTree = "<group>"; };
		7FF544E82AED309D0091580C /* GalleryView.swift */ = {isa = PBXFileReference; lastKnownFileType = sourcecode.swift; path = GalleryView.swift; sourceTree = "<group>"; };
		7FF544EA2AED30B60091580C /* MainView.swift */ = {isa = PBXFileReference; lastKnownFileType = sourcecode.swift; path = MainView.swift; sourceTree = "<group>"; };
		7FF843C12AF052D700FC8369 /* AnimalDetailView.swift */ = {isa = PBXFileReference; lastKnownFileType = sourcecode.swift; path = AnimalDetailView.swift; sourceTree = "<group>"; };
		7FF843C32AF0577E00FC8369 /* HeadingView.swift */ = {isa = PBXFileReference; lastKnownFileType = sourcecode.swift; path = HeadingView.swift; sourceTree = "<group>"; };
		7FF843C52AF058F000FC8369 /* InsetGalleryView.swift */ = {isa = PBXFileReference; lastKnownFileType = sourcecode.swift; path = InsetGalleryView.swift; sourceTree = "<group>"; };
		7FF843C72AF0F81E00FC8369 /* InsetFactView.swift */ = {isa = PBXFileReference; lastKnownFileType = sourcecode.swift; path = InsetFactView.swift; sourceTree = "<group>"; };
		7FF843C92AF0FAFD00FC8369 /* InsetMapView.swift */ = {isa = PBXFileReference; lastKnownFileType = sourcecode.swift; path = InsetMapView.swift; sourceTree = "<group>"; };
		7FF843CB2AF1016000FC8369 /* ExternalWebLinkView.swift */ = {isa = PBXFileReference; lastKnownFileType = sourcecode.swift; path = ExternalWebLinkView.swift; sourceTree = "<group>"; };
		7FF843CD2AF1057300FC8369 /* VideoModel.swift */ = {isa = PBXFileReference; lastKnownFileType = sourcecode.swift; path = VideoModel.swift; sourceTree = "<group>"; };
		7FF843CF2AF105DC00FC8369 /* VideoListItemView.swift */ = {isa = PBXFileReference; lastKnownFileType = sourcecode.swift; path = VideoListItemView.swift; sourceTree = "<group>"; };
		7FF843D12AF111CB00FC8369 /* VideoPlayerView.swift */ = {isa = PBXFileReference; lastKnownFileType = sourcecode.swift; path = VideoPlayerView.swift; sourceTree = "<group>"; };
		7FF843D42AF1130900FC8369 /* VideoPlayerHelper.swift */ = {isa = PBXFileReference; lastKnownFileType = sourcecode.swift; path = VideoPlayerHelper.swift; sourceTree = "<group>"; };
/* End PBXFileReference section */

/* Begin PBXFrameworksBuildPhase section */
		7FF544B02AED2ADF0091580C /* Frameworks */ = {
			isa = PBXFrameworksBuildPhase;
			buildActionMask = 2147483647;
			files = (
			);
			runOnlyForDeploymentPostprocessing = 0;
		};
/* End PBXFrameworksBuildPhase section */

/* Begin PBXGroup section */
		7F76FEBA2AEFD1AF009E4B32 /* View */ = {
			isa = PBXGroup;
			children = (
				7F76FEBB2AEFD1C0009E4B32 /* CoverImageView.swift */,
				7F76FEC32AEFDE63009E4B32 /* AnimalListItemView.swift */,
				7FF843C12AF052D700FC8369 /* AnimalDetailView.swift */,
				7FF843C32AF0577E00FC8369 /* HeadingView.swift */,
				7FF843C52AF058F000FC8369 /* InsetGalleryView.swift */,
				7FF843C72AF0F81E00FC8369 /* InsetFactView.swift */,
				7FF843C92AF0FAFD00FC8369 /* InsetMapView.swift */,
				7FF843CB2AF1016000FC8369 /* ExternalWebLinkView.swift */,
				7FF843CF2AF105DC00FC8369 /* VideoListItemView.swift */,
				7FF843D12AF111CB00FC8369 /* VideoPlayerView.swift */,
			);
			path = View;
			sourceTree = "<group>";
		};
		7F76FEBD2AEFD3EB009E4B32 /* Model */ = {
			isa = PBXGroup;
			children = (
				7F76FEBE2AEFD3FE009E4B32 /* CoverImageModel.swift */,
				7F76FEC52AEFE007009E4B32 /* AnimalModel.swift */,
				7FF843CD2AF1057300FC8369 /* VideoModel.swift */,
				7F6A95AE2AF25866004D6C77 /* LocationModel.swift */,
			);
			path = Model;
			sourceTree = "<group>";
		};
		7F76FEC02AEFD597009E4B32 /* Extension */ = {
			isa = PBXGroup;
			children = (
				7F76FEC12AEFD5AA009E4B32 /* CodableBundleExtension.swift */,
			);
			path = Extension;
			sourceTree = "<group>";
		};
		7FF544AA2AED2ADF0091580C = {
			isa = PBXGroup;
			children = (
				7FF544B52AED2ADF0091580C /* AfricaWildlife */,
				7FF544B42AED2ADF0091580C /* Products */,
			);
			sourceTree = "<group>";
		};
		7FF544B42AED2ADF0091580C /* Products */ = {
			isa = PBXGroup;
			children = (
				7FF544B32AED2ADF0091580C /* AfricaWildlife.app */,
			);
			name = Products;
			sourceTree = "<group>";
		};
		7FF544B52AED2ADF0091580C /* AfricaWildlife */ = {
			isa = PBXGroup;
			children = (
				7FF843D32AF112F200FC8369 /* Helper */,
				7F76FEC02AEFD597009E4B32 /* Extension */,
				7F76FEBD2AEFD3EB009E4B32 /* Model */,
				7F76FEBA2AEFD1AF009E4B32 /* View */,
				7FF544E32AED2FEA0091580C /* App */,
				7FF544D92AED2E540091580C /* Data */,
				7FF544BC2AED2AE00091580C /* Preview Content */,
				7FF544C42AED2E010091580C /* Video */,
				7FF544BA2AED2AE00091580C /* Assets.xcassets */,
				7FF544E22AED2F520091580C /* Info.plist */,
			);
			path = AfricaWildlife;
			sourceTree = "<group>";
		};
		7FF544BC2AED2AE00091580C /* Preview Content */ = {
			isa = PBXGroup;
			children = (
				7FF544BD2AED2AE00091580C /* Preview Assets.xcassets */,
			);
			path = "Preview Content";
			sourceTree = "<group>";
		};
		7FF544C42AED2E010091580C /* Video */ = {
			isa = PBXGroup;
			children = (
				7FF544CA2AED2E2A0091580C /* cheetah.mp4 */,
				7FF544C52AED2E290091580C /* elephant.mp4 */,
				7FF544CD2AED2E2B0091580C /* giraffe.mp4 */,
				7FF544CE2AED2E2B0091580C /* gorilla.mp4 */,
				7FF544C62AED2E290091580C /* hippo.mp4 */,
				7FF544CC2AED2E2B0091580C /* lion.mp4 */,
				7FF544C82AED2E2A0091580C /* lioness.mp4 */,
				7FF544C92AED2E2A0091580C /* ostrich.mp4 */,
				7FF544C72AED2E2A0091580C /* rhino.mp4 */,
				7FF544CB2AED2E2A0091580C /* zebra.mp4 */,
			);
			path = Video;
			sourceTree = "<group>";
		};
		7FF544D92AED2E540091580C /* Data */ = {
			isa = PBXGroup;
			children = (
				7FF544DD2AED2E680091580C /* animals.json */,
				7FF544DB2AED2E680091580C /* covers.json */,
				7FF544DA2AED2E680091580C /* locations.json */,
				7FF544DC2AED2E680091580C /* videos.json */,
			);
			path = Data;
			sourceTree = "<group>";
		};
		7FF544E32AED2FEA0091580C /* App */ = {
			isa = PBXGroup;
			children = (
				7FF544B62AED2ADF0091580C /* AfricaWildlifeApp.swift */,
				7FF544B82AED2ADF0091580C /* ContentView.swift */,
				7FF544E42AED30670091580C /* VideoListView.swift */,
				7FF544E62AED30790091580C /* MapView.swift */,
				7FF544E82AED309D0091580C /* GalleryView.swift */,
				7FF544EA2AED30B60091580C /* MainView.swift */,
			);
			path = App;
			sourceTree = "<group>";
		};
		7FF843D32AF112F200FC8369 /* Helper */ = {
			isa = PBXGroup;
			children = (
				7FF843D42AF1130900FC8369 /* VideoPlayerHelper.swift */,
			);
			path = Helper;
			sourceTree = "<group>";
		};
/* End PBXGroup section */

/* Begin PBXNativeTarget section */
		7FF544B22AED2ADF0091580C /* AfricaWildlife */ = {
			isa = PBXNativeTarget;
			buildConfigurationList = 7FF544C12AED2AE00091580C /* Build configuration list for PBXNativeTarget "AfricaWildlife" */;
			buildPhases = (
				7FF544AF2AED2ADF0091580C /* Sources */,
				7FF544B02AED2ADF0091580C /* Frameworks */,
				7FF544B12AED2ADF0091580C /* Resources */,
			);
			buildRules = (
			);
			dependencies = (
			);
			name = AfricaWildlife;
			productName = AfricaWildlife;
			productReference = 7FF544B32AED2ADF0091580C /* AfricaWildlife.app */;
			productType = "com.apple.product-type.application";
		};
/* End PBXNativeTarget section */

/* Begin PBXProject section */
		7FF544AB2AED2ADF0091580C /* Project object */ = {
			isa = PBXProject;
			attributes = {
				BuildIndependentTargetsInParallel = 1;
				LastSwiftUpdateCheck = 1500;
				LastUpgradeCheck = 1500;
				TargetAttributes = {
					7FF544B22AED2ADF0091580C = {
						CreatedOnToolsVersion = 15.0.1;
					};
				};
			};
			buildConfigurationList = 7FF544AE2AED2ADF0091580C /* Build configuration list for PBXProject "AfricaWildlife" */;
			compatibilityVersion = "Xcode 14.0";
			developmentRegion = en;
			hasScannedForEncodings = 0;
			knownRegions = (
				en,
				Base,
			);
			mainGroup = 7FF544AA2AED2ADF0091580C;
			productRefGroup = 7FF544B42AED2ADF0091580C /* Products */;
			projectDirPath = "";
			projectRoot = "";
			targets = (
				7FF544B22AED2ADF0091580C /* AfricaWildlife */,
			);
		};
/* End PBXProject section */

/* Begin PBXResourcesBuildPhase section */
		7FF544B12AED2ADF0091580C /* Resources */ = {
			isa = PBXResourcesBuildPhase;
			buildActionMask = 2147483647;
			files = (
				7FF544DE2AED2E680091580C /* locations.json in Resources */,
				7FF544D02AED2E2B0091580C /* hippo.mp4 in Resources */,
				7FF544E02AED2E680091580C /* videos.json in Resources */,
				7FF544D32AED2E2B0091580C /* ostrich.mp4 in Resources */,
				7FF544BE2AED2AE00091580C /* Preview Assets.xcassets in Resources */,
				7FF544D62AED2E2B0091580C /* lion.mp4 in Resources */,
				7FF544D82AED2E2B0091580C /* gorilla.mp4 in Resources */,
				7FF544BB2AED2AE00091580C /* Assets.xcassets in Resources */,
				7FF544DF2AED2E680091580C /* covers.json in Resources */,
				7FF544E12AED2E680091580C /* animals.json in Resources */,
				7FF544D42AED2E2B0091580C /* cheetah.mp4 in Resources */,
				7FF544D72AED2E2B0091580C /* giraffe.mp4 in Resources */,
				7FF544D12AED2E2B0091580C /* rhino.mp4 in Resources */,
				7FF544CF2AED2E2B0091580C /* elephant.mp4 in Resources */,
				7FF544D52AED2E2B0091580C /* zebra.mp4 in Resources */,
				7FF544D22AED2E2B0091580C /* lioness.mp4 in Resources */,
			);
			runOnlyForDeploymentPostprocessing = 0;
		};
/* End PBXResourcesBuildPhase section */

/* Begin PBXSourcesBuildPhase section */
		7FF544AF2AED2ADF0091580C /* Sources */ = {
			isa = PBXSourcesBuildPhase;
			buildActionMask = 2147483647;
			files = (
				7FF544B92AED2ADF0091580C /* ContentView.swift in Sources */,
				7F76FEC42AEFDE63009E4B32 /* AnimalListItemView.swift in Sources */,
				7FF544EB2AED30B60091580C /* MainView.swift in Sources */,
				7FF843C82AF0F81E00FC8369 /* InsetFactView.swift in Sources */,
				7F76FEBC2AEFD1C0009E4B32 /* CoverImageView.swift in Sources */,
				7F76FEBF2AEFD3FE009E4B32 /* CoverImageModel.swift in Sources */,
				7FF843C22AF052D700FC8369 /* AnimalDetailView.swift in Sources */,
				7F76FEC62AEFE007009E4B32 /* AnimalModel.swift in Sources */,
				7FF544E72AED30790091580C /* MapView.swift in Sources */,
				7FF843CA2AF0FAFD00FC8369 /* InsetMapView.swift in Sources */,
				7FF843D52AF1130900FC8369 /* VideoPlayerHelper.swift in Sources */,
				7FF544B72AED2ADF0091580C /* AfricaWildlifeApp.swift in Sources */,
				7FF843CC2AF1016000FC8369 /* ExternalWebLinkView.swift in Sources */,
				7FF544E52AED30670091580C /* VideoListView.swift in Sources */,
				7FF843CE2AF1057300FC8369 /* VideoModel.swift in Sources */,
				7FF544E92AED309D0091580C /* GalleryView.swift in Sources */,
				7F6A95AF2AF25866004D6C77 /* LocationModel.swift in Sources */,
				7FF843C62AF058F000FC8369 /* InsetGalleryView.swift in Sources */,
				7FF843D02AF105DC00FC8369 /* VideoListItemView.swift in Sources */,
				7F76FEC22AEFD5AA009E4B32 /* CodableBundleExtension.swift in Sources */,
				7FF843C42AF0577E00FC8369 /* HeadingView.swift in Sources */,
				7FF843D22AF111CB00FC8369 /* VideoPlayerView.swift in Sources */,
			);
			runOnlyForDeploymentPostprocessing = 0;
		};
/* End PBXSourcesBuildPhase section */

/* Begin XCBuildConfiguration section */
		7FF544BF2AED2AE00091580C /* Debug */ = {
			isa = XCBuildConfiguration;
			buildSettings = {
				ALWAYS_SEARCH_USER_PATHS = NO;
				ASSETCATALOG_COMPILER_GENERATE_SWIFT_ASSET_SYMBOL_EXTENSIONS = YES;
				CLANG_ANALYZER_NONNULL = YES;
				CLANG_ANALYZER_NUMBER_OBJECT_CONVERSION = YES_AGGRESSIVE;
				CLANG_CXX_LANGUAGE_STANDARD = "gnu++20";
				CLANG_ENABLE_MODULES = YES;
				CLANG_ENABLE_OBJC_ARC = YES;
				CLANG_ENABLE_OBJC_WEAK = YES;
				CLANG_WARN_BLOCK_CAPTURE_AUTORELEASING = YES;
				CLANG_WARN_BOOL_CONVERSION = YES;
				CLANG_WARN_COMMA = YES;
				CLANG_WARN_CONSTANT_CONVERSION = YES;
				CLANG_WARN_DEPRECATED_OBJC_IMPLEMENTATIONS = YES;
				CLANG_WARN_DIRECT_OBJC_ISA_USAGE = YES_ERROR;
				CLANG_WARN_DOCUMENTATION_COMMENTS = YES;
				CLANG_WARN_EMPTY_BODY = YES;
				CLANG_WARN_ENUM_CONVERSION = YES;
				CLANG_WARN_INFINITE_RECURSION = YES;
				CLANG_WARN_INT_CONVERSION = YES;
				CLANG_WARN_NON_LITERAL_NULL_CONVERSION = YES;
				CLANG_WARN_OBJC_IMPLICIT_RETAIN_SELF = YES;
				CLANG_WARN_OBJC_LITERAL_CONVERSION = YES;
				CLANG_WARN_OBJC_ROOT_CLASS = YES_ERROR;
				CLANG_WARN_QUOTED_INCLUDE_IN_FRAMEWORK_HEADER = YES;
				CLANG_WARN_RANGE_LOOP_ANALYSIS = YES;
				CLANG_WARN_STRICT_PROTOTYPES = YES;
				CLANG_WARN_SUSPICIOUS_MOVE = YES;
				CLANG_WARN_UNGUARDED_AVAILABILITY = YES_AGGRESSIVE;
				CLANG_WARN_UNREACHABLE_CODE = YES;
				CLANG_WARN__DUPLICATE_METHOD_MATCH = YES;
				COPY_PHASE_STRIP = NO;
				DEBUG_INFORMATION_FORMAT = dwarf;
				ENABLE_STRICT_OBJC_MSGSEND = YES;
				ENABLE_TESTABILITY = YES;
				ENABLE_USER_SCRIPT_SANDBOXING = YES;
				GCC_C_LANGUAGE_STANDARD = gnu17;
				GCC_DYNAMIC_NO_PIC = NO;
				GCC_NO_COMMON_BLOCKS = YES;
				GCC_OPTIMIZATION_LEVEL = 0;
				GCC_PREPROCESSOR_DEFINITIONS = (
					"DEBUG=1",
					"$(inherited)",
				);
				GCC_WARN_64_TO_32_BIT_CONVERSION = YES;
				GCC_WARN_ABOUT_RETURN_TYPE = YES_ERROR;
				GCC_WARN_UNDECLARED_SELECTOR = YES;
				GCC_WARN_UNINITIALIZED_AUTOS = YES_AGGRESSIVE;
				GCC_WARN_UNUSED_FUNCTION = YES;
				GCC_WARN_UNUSED_VARIABLE = YES;
				IPHONEOS_DEPLOYMENT_TARGET = 17.0;
				LOCALIZATION_PREFERS_STRING_CATALOGS = YES;
				MTL_ENABLE_DEBUG_INFO = INCLUDE_SOURCE;
				MTL_FAST_MATH = YES;
				ONLY_ACTIVE_ARCH = YES;
				SDKROOT = iphoneos;
				SWIFT_ACTIVE_COMPILATION_CONDITIONS = "DEBUG $(inherited)";
				SWIFT_OPTIMIZATION_LEVEL = "-Onone";
			};
			name = Debug;
		};
		7FF544C02AED2AE00091580C /* Release */ = {
			isa = XCBuildConfiguration;
			buildSettings = {
				ALWAYS_SEARCH_USER_PATHS = NO;
				ASSETCATALOG_COMPILER_GENERATE_SWIFT_ASSET_SYMBOL_EXTENSIONS = YES;
				CLANG_ANALYZER_NONNULL = YES;
				CLANG_ANALYZER_NUMBER_OBJECT_CONVERSION = YES_AGGRESSIVE;
				CLANG_CXX_LANGUAGE_STANDARD = "gnu++20";
				CLANG_ENABLE_MODULES = YES;
				CLANG_ENABLE_OBJC_ARC = YES;
				CLANG_ENABLE_OBJC_WEAK = YES;
				CLANG_WARN_BLOCK_CAPTURE_AUTORELEASING = YES;
				CLANG_WARN_BOOL_CONVERSION = YES;
				CLANG_WARN_COMMA = YES;
				CLANG_WARN_CONSTANT_CONVERSION = YES;
				CLANG_WARN_DEPRECATED_OBJC_IMPLEMENTATIONS = YES;
				CLANG_WARN_DIRECT_OBJC_ISA_USAGE = YES_ERROR;
				CLANG_WARN_DOCUMENTATION_COMMENTS = YES;
				CLANG_WARN_EMPTY_BODY = YES;
				CLANG_WARN_ENUM_CONVERSION = YES;
				CLANG_WARN_INFINITE_RECURSION = YES;
				CLANG_WARN_INT_CONVERSION = YES;
				CLANG_WARN_NON_LITERAL_NULL_CONVERSION = YES;
				CLANG_WARN_OBJC_IMPLICIT_RETAIN_SELF = YES;
				CLANG_WARN_OBJC_LITERAL_CONVERSION = YES;
				CLANG_WARN_OBJC_ROOT_CLASS = YES_ERROR;
				CLANG_WARN_QUOTED_INCLUDE_IN_FRAMEWORK_HEADER = YES;
				CLANG_WARN_RANGE_LOOP_ANALYSIS = YES;
				CLANG_WARN_STRICT_PROTOTYPES = YES;
				CLANG_WARN_SUSPICIOUS_MOVE = YES;
				CLANG_WARN_UNGUARDED_AVAILABILITY = YES_AGGRESSIVE;
				CLANG_WARN_UNREACHABLE_CODE = YES;
				CLANG_WARN__DUPLICATE_METHOD_MATCH = YES;
				COPY_PHASE_STRIP = NO;
				DEBUG_INFORMATION_FORMAT = "dwarf-with-dsym";
				ENABLE_NS_ASSERTIONS = NO;
				ENABLE_STRICT_OBJC_MSGSEND = YES;
				ENABLE_USER_SCRIPT_SANDBOXING = YES;
				GCC_C_LANGUAGE_STANDARD = gnu17;
				GCC_NO_COMMON_BLOCKS = YES;
				GCC_WARN_64_TO_32_BIT_CONVERSION = YES;
				GCC_WARN_ABOUT_RETURN_TYPE = YES_ERROR;
				GCC_WARN_UNDECLARED_SELECTOR = YES;
				GCC_WARN_UNINITIALIZED_AUTOS = YES_AGGRESSIVE;
				GCC_WARN_UNUSED_FUNCTION = YES;
				GCC_WARN_UNUSED_VARIABLE = YES;
				IPHONEOS_DEPLOYMENT_TARGET = 17.0;
				LOCALIZATION_PREFERS_STRING_CATALOGS = YES;
				MTL_ENABLE_DEBUG_INFO = NO;
				MTL_FAST_MATH = YES;
				SDKROOT = iphoneos;
				SWIFT_COMPILATION_MODE = wholemodule;
				VALIDATE_PRODUCT = YES;
			};
			name = Release;
		};
		7FF544C22AED2AE00091580C /* Debug */ = {
			isa = XCBuildConfiguration;
			buildSettings = {
				ASSETCATALOG_COMPILER_APPICON_NAME = AppIcon;
				ASSETCATALOG_COMPILER_GLOBAL_ACCENT_COLOR_NAME = AccentColor;
				CODE_SIGN_STYLE = Automatic;
				CURRENT_PROJECT_VERSION = 1;
				DEVELOPMENT_ASSET_PATHS = "\"AfricaWildlife/Preview Content\"";
				DEVELOPMENT_TEAM = EPMT7DEL43;
				ENABLE_PREVIEWS = YES;
				GENERATE_INFOPLIST_FILE = YES;
				INFOPLIST_FILE = AfricaWildlife/Info.plist;
				INFOPLIST_KEY_UIApplicationSceneManifest_Generation = YES;
				INFOPLIST_KEY_UIApplicationSupportsIndirectInputEvents = YES;
				INFOPLIST_KEY_UISupportedInterfaceOrientations_iPad = "UIInterfaceOrientationPortrait UIInterfaceOrientationPortraitUpsideDown UIInterfaceOrientationLandscapeLeft UIInterfaceOrientationLandscapeRight";
				INFOPLIST_KEY_UISupportedInterfaceOrientations_iPhone = "UIInterfaceOrientationPortrait UIInterfaceOrientationLandscapeLeft UIInterfaceOrientationLandscapeRight";
				INFOPLIST_KEY_UIUserInterfaceStyle = Dark;
				LD_RUNPATH_SEARCH_PATHS = (
					"$(inherited)",
					"@executable_path/Frameworks",
				);
				MARKETING_VERSION = 1.0;
				PRODUCT_BUNDLE_IDENTIFIER = Tapawan.AfricaWildlife;
				PRODUCT_NAME = "$(TARGET_NAME)";
				SWIFT_EMIT_LOC_STRINGS = YES;
				SWIFT_VERSION = 5.0;
				TARGETED_DEVICE_FAMILY = "1,2";
			};
			name = Debug;
		};
		7FF544C32AED2AE00091580C /* Release */ = {
			isa = XCBuildConfiguration;
			buildSettings = {
				ASSETCATALOG_COMPILER_APPICON_NAME = AppIcon;
				ASSETCATALOG_COMPILER_GLOBAL_ACCENT_COLOR_NAME = AccentColor;
				CODE_SIGN_STYLE = Automatic;
				CURRENT_PROJECT_VERSION = 1;
				DEVELOPMENT_ASSET_PATHS = "\"AfricaWildlife/Preview Content\"";
				DEVELOPMENT_TEAM = EPMT7DEL43;
				ENABLE_PREVIEWS = YES;
				GENERATE_INFOPLIST_FILE = YES;
				INFOPLIST_FILE = AfricaWildlife/Info.plist;
				INFOPLIST_KEY_UIApplicationSceneManifest_Generation = YES;
				INFOPLIST_KEY_UIApplicationSupportsIndirectInputEvents = YES;
				INFOPLIST_KEY_UISupportedInterfaceOrientations_iPad = "UIInterfaceOrientationPortrait UIInterfaceOrientationPortraitUpsideDown UIInterfaceOrientationLandscapeLeft UIInterfaceOrientationLandscapeRight";
				INFOPLIST_KEY_UISupportedInterfaceOrientations_iPhone = "UIInterfaceOrientationPortrait UIInterfaceOrientationLandscapeLeft UIInterfaceOrientationLandscapeRight";
				INFOPLIST_KEY_UIUserInterfaceStyle = Dark;
				LD_RUNPATH_SEARCH_PATHS = (
					"$(inherited)",
					"@executable_path/Frameworks",
				);
				MARKETING_VERSION = 1.0;
				PRODUCT_BUNDLE_IDENTIFIER = Tapawan.AfricaWildlife;
				PRODUCT_NAME = "$(TARGET_NAME)";
				SWIFT_EMIT_LOC_STRINGS = YES;
				SWIFT_VERSION = 5.0;
				TARGETED_DEVICE_FAMILY = "1,2";
			};
			name = Release;
		};
/* End XCBuildConfiguration section */

/* Begin XCConfigurationList section */
		7FF544AE2AED2ADF0091580C /* Build configuration list for PBXProject "AfricaWildlife" */ = {
			isa = XCConfigurationList;
			buildConfigurations = (
				7FF544BF2AED2AE00091580C /* Debug */,
				7FF544C02AED2AE00091580C /* Release */,
			);
			defaultConfigurationIsVisible = 0;
			defaultConfigurationName = Release;
		};
		7FF544C12AED2AE00091580C /* Build configuration list for PBXNativeTarget "AfricaWildlife" */ = {
			isa = XCConfigurationList;
			buildConfigurations = (
				7FF544C22AED2AE00091580C /* Debug */,
				7FF544C32AED2AE00091580C /* Release */,
			);
			defaultConfigurationIsVisible = 0;
			defaultConfigurationName = Release;
		};
/* End XCConfigurationList section */
	};
	rootObject = 7FF544AB2AED2ADF0091580C /* Project object */;
}
